
Microsoft Visual Studio Solution File, Format Version 10.00
# Visual Studio 2008
Project("{8BC9CEB8-8B4A-11D0-8D11-00A0C91BC942}") = "ViewerConsole", "ViewerConsole\ViewerConsole.vcproj", "{B0518C04-3877-4FED-A8F0-2F142C142342}"
	ProjectSection(ProjectDependencies) = postProject
		{7C6DD026-5AC4-4A5E-A972-CF8C6727892F} = {7C6DD026-5AC4-4A5E-A972-CF8C6727892F}
	EndProjectSection
EndProject
Project("{8BC9CEB8-8B4A-11D0-8D11-00A0C91BC942}") = "ManagedCore", "ManagedCore\ManagedCore.vcproj", "{A4AB48D9-824B-4023-8231-746F874A53C7}"
	ProjectSection(ProjectDependencies) = postProject
		{7C6DD026-5AC4-4A5E-A972-CF8C6727892F} = {7C6DD026-5AC4-4A5E-A972-CF8C6727892F}
	EndProjectSection
EndProject
Project("{FAE04EC0-301F-11D3-BF4B-00C04F79EFBC}") = "ViewerWinforms", "ViewerWinforms\ViewerWinforms.csproj", "{68F84FE9-2BD2-4E68-8B42-488E6E217AC6}"
EndProject
Project("{8BC9CEB8-8B4A-11D0-8D11-00A0C91BC942}") = "ViewerQt", "ViewerQt\ViewerQt.vcproj", "{57F791D5-B18E-4243-99A8-A07EACF0D7FD}"
EndProject
Project("{8BC9CEB8-8B4A-11D0-8D11-00A0C91BC942}") = "gmock", "gmock-1.6.0\msvc\2005\gmock.vcproj", "{34681F0D-CE45-415D-B5F2-5C662DFE3BD5}"
EndProject
Project("{8BC9CEB8-8B4A-11D0-8D11-00A0C91BC942}") = "Core", "Core\Core.vcproj", "{7C6DD026-5AC4-4A5E-A972-CF8C6727892F}"
EndProject
Project("{8BC9CEB8-8B4A-11D0-8D11-00A0C91BC942}") = "CoreTest", "CoreTest\CoreTest.vcproj", "{09F0C9CE-1CDE-4F82-8F35-C9DF90A16E9C}"
	ProjectSection(ProjectDependencies) = postProject
		{34681F0D-CE45-415D-B5F2-5C662DFE3BD5} = {34681F0D-CE45-415D-B5F2-5C662DFE3BD5}
		{7C6DD026-5AC4-4A5E-A972-CF8C6727892F} = {7C6DD026-5AC4-4A5E-A972-CF8C6727892F}
	EndProjectSection
EndProject
Global
	GlobalSection(SolutionConfigurationPlatforms) = preSolution
		Debug|Any CPU = Debug|Any CPU
		Debug|Mixed Platforms = Debug|Mixed Platforms
		Debug|Win32 = Debug|Win32
		Release|Any CPU = Release|Any CPU
		Release|Mixed Platforms = Release|Mixed Platforms
		Release|Win32 = Release|Win32
	EndGlobalSection
	GlobalSection(ProjectConfigurationPlatforms) = postSolution
		{B0518C04-3877-4FED-A8F0-2F142C142342}.Debug|Any CPU.ActiveCfg = Debug|Win32
		{B0518C04-3877-4FED-A8F0-2F142C142342}.Debug|Any CPU.Build.0 = Debug|Win32
		{B0518C04-3877-4FED-A8F0-2F142C142342}.Debug|Mixed Platforms.ActiveCfg = Debug|Win32
		{B0518C04-3877-4FED-A8F0-2F142C142342}.Debug|Mixed Platforms.Build.0 = Debug|Win32
		{B0518C04-3877-4FED-A8F0-2F142C142342}.Debug|Win32.ActiveCfg = Debug|Win32
		{B0518C04-3877-4FED-A8F0-2F142C142342}.Debug|Win32.Build.0 = Debug|Win32
		{B0518C04-3877-4FED-A8F0-2F142C142342}.Release|Any CPU.ActiveCfg = Release|Win32
		{B0518C04-3877-4FED-A8F0-2F142C142342}.Release|Any CPU.Build.0 = Release|Win32
		{B0518C04-3877-4FED-A8F0-2F142C142342}.Release|Mixed Platforms.ActiveCfg = Release|Win32
		{B0518C04-3877-4FED-A8F0-2F142C142342}.Release|Mixed Platforms.Build.0 = Release|Win32
		{B0518C04-3877-4FED-A8F0-2F142C142342}.Release|Win32.ActiveCfg = Release|Win32
		{B0518C04-3877-4FED-A8F0-2F142C142342}.Release|Win32.Build.0 = Release|Win32
		{A4AB48D9-824B-4023-8231-746F874A53C7}.Debug|Any CPU.ActiveCfg = Debug|Win32
		{A4AB48D9-824B-4023-8231-746F874A53C7}.Debug|Any CPU.Build.0 = Debug|Win32
		{A4AB48D9-824B-4023-8231-746F874A53C7}.Debug|Mixed Platforms.ActiveCfg = Debug|Win32
		{A4AB48D9-824B-4023-8231-746F874A53C7}.Debug|Mixed Platforms.Build.0 = Debug|Win32
		{A4AB48D9-824B-4023-8231-746F874A53C7}.Debug|Win32.ActiveCfg = Debug|Win32
		{A4AB48D9-824B-4023-8231-746F874A53C7}.Debug|Win32.Build.0 = Debug|Win32
		{A4AB48D9-824B-4023-8231-746F874A53C7}.Release|Any CPU.ActiveCfg = Release|Win32
		{A4AB48D9-824B-4023-8231-746F874A53C7}.Release|Any CPU.Build.0 = Release|Win32
		{A4AB48D9-824B-4023-8231-746F874A53C7}.Release|Mixed Platforms.ActiveCfg = Release|Win32
		{A4AB48D9-824B-4023-8231-746F874A53C7}.Release|Mixed Platforms.Build.0 = Release|Win32
		{A4AB48D9-824B-4023-8231-746F874A53C7}.Release|Win32.ActiveCfg = Release|Win32
		{A4AB48D9-824B-4023-8231-746F874A53C7}.Release|Win32.Build.0 = Release|Win32
		{68F84FE9-2BD2-4E68-8B42-488E6E217AC6}.Debug|Any CPU.ActiveCfg = Debug|Any CPU
		{68F84FE9-2BD2-4E68-8B42-488E6E217AC6}.Debug|Any CPU.Build.0 = Debug|Any CPU
		{68F84FE9-2BD2-4E68-8B42-488E6E217AC6}.Debug|Mixed Platforms.ActiveCfg = Debug|Any CPU
		{68F84FE9-2BD2-4E68-8B42-488E6E217AC6}.Debug|Mixed Platforms.Build.0 = Debug|Any CPU
		{68F84FE9-2BD2-4E68-8B42-488E6E217AC6}.Debug|Win32.ActiveCfg = Debug|Any CPU
		{68F84FE9-2BD2-4E68-8B42-488E6E217AC6}.Release|Any CPU.ActiveCfg = Release|Any CPU
		{68F84FE9-2BD2-4E68-8B42-488E6E217AC6}.Release|Any CPU.Build.0 = Release|Any CPU
		{68F84FE9-2BD2-4E68-8B42-488E6E217AC6}.Release|Mixed Platforms.ActiveCfg = Release|Any CPU
		{68F84FE9-2BD2-4E68-8B42-488E6E217AC6}.Release|Mixed Platforms.Build.0 = Release|Any CPU
		{68F84FE9-2BD2-4E68-8B42-488E6E217AC6}.Release|Win32.ActiveCfg = Release|Any CPU
		{57F791D5-B18E-4243-99A8-A07EACF0D7FD}.Debug|Any CPU.ActiveCfg = Debug|Win32
		{57F791D5-B18E-4243-99A8-A07EACF0D7FD}.Debug|Any CPU.Build.0 = Debug|Win32
		{57F791D5-B18E-4243-99A8-A07EACF0D7FD}.Debug|Mixed Platforms.ActiveCfg = Debug|Win32
		{57F791D5-B18E-4243-99A8-A07EACF0D7FD}.Debug|Mixed Platforms.Build.0 = Debug|Win32
		{57F791D5-B18E-4243-99A8-A07EACF0D7FD}.Debug|Win32.ActiveCfg = Debug|Win32
		{57F791D5-B18E-4243-99A8-A07EACF0D7FD}.Debug|Win32.Build.0 = Debug|Win32
		{57F791D5-B18E-4243-99A8-A07EACF0D7FD}.Release|Any CPU.ActiveCfg = Release|Win32
		{57F791D5-B18E-4243-99A8-A07EACF0D7FD}.Release|Any CPU.Build.0 = Release|Win32
		{57F791D5-B18E-4243-99A8-A07EACF0D7FD}.Release|Mixed Platforms.ActiveCfg = Release|Win32
		{57F791D5-B18E-4243-99A8-A07EACF0D7FD}.Release|Mixed Platforms.Build.0 = Release|Win32
		{57F791D5-B18E-4243-99A8-A07EACF0D7FD}.Release|Win32.ActiveCfg = Release|Win32
		{57F791D5-B18E-4243-99A8-A07EACF0D7FD}.Release|Win32.Build.0 = Release|Win32
		{34681F0D-CE45-415D-B5F2-5C662DFE3BD5}.Debug|Any CPU.ActiveCfg = Debug|Win32
		{34681F0D-CE45-415D-B5F2-5C662DFE3BD5}.Debug|Any CPU.Build.0 = Debug|Win32
		{34681F0D-CE45-415D-B5F2-5C662DFE3BD5}.Debug|Mixed Platforms.ActiveCfg = Debug|Win32
		{34681F0D-CE45-415D-B5F2-5C662DFE3BD5}.Debug|Mixed Platforms.Build.0 = Debug|Win32
		{34681F0D-CE45-415D-B5F2-5C662DFE3BD5}.Debug|Win32.ActiveCfg = Debug|Win32
		{34681F0D-CE45-415D-B5F2-5C662DFE3BD5}.Debug|Win32.Build.0 = Debug|Win32
		{34681F0D-CE45-415D-B5F2-5C662DFE3BD5}.Release|Any CPU.ActiveCfg = Release|Win32
		{34681F0D-CE45-415D-B5F2-5C662DFE3BD5}.Release|Any CPU.Build.0 = Release|Win32
		{34681F0D-CE45-415D-B5F2-5C662DFE3BD5}.Release|Mixed Platforms.ActiveCfg = Release|Win32
		{34681F0D-CE45-415D-B5F2-5C662DFE3BD5}.Release|Mixed Platforms.Build.0 = Release|Win32
		{34681F0D-CE45-415D-B5F2-5C662DFE3BD5}.Release|Win32.ActiveCfg = Release|Win32
		{34681F0D-CE45-415D-B5F2-5C662DFE3BD5}.Release|Win32.Build.0 = Release|Win32
		{7C6DD026-5AC4-4A5E-A972-CF8C6727892F}.Debug|Any CPU.ActiveCfg = Debug|Win32
		{7C6DD026-5AC4-4A5E-A972-CF8C6727892F}.Debug|Any CPU.Build.0 = Debug|Win32
		{7C6DD026-5AC4-4A5E-A972-CF8C6727892F}.Debug|Mixed Platforms.ActiveCfg = Debug|Win32
		{7C6DD026-5AC4-4A5E-A972-CF8C6727892F}.Debug|Mixed Platforms.Build.0 = Debug|Win32
		{7C6DD026-5AC4-4A5E-A972-CF8C6727892F}.Debug|Win32.ActiveCfg = Debug|Win32
		{7C6DD026-5AC4-4A5E-A972-CF8C6727892F}.Debug|Win32.Build.0 = Debug|Win32
		{7C6DD026-5AC4-4A5E-A972-CF8C6727892F}.Release|Any CPU.ActiveCfg = Release|Win32
		{7C6DD026-5AC4-4A5E-A972-CF8C6727892F}.Release|Any CPU.Build.0 = Release|Win32
		{7C6DD026-5AC4-4A5E-A972-CF8C6727892F}.Release|Mixed Platforms.ActiveCfg = Release|Win32
		{7C6DD026-5AC4-4A5E-A972-CF8C6727892F}.Release|Mixed Platforms.Build.0 = Release|Win32
		{7C6DD026-5AC4-4A5E-A972-CF8C6727892F}.Release|Win32.ActiveCfg = Release|Win32
		{7C6DD026-5AC4-4A5E-A972-CF8C6727892F}.Release|Win32.Build.0 = Release|Win32
		{09F0C9CE-1CDE-4F82-8F35-C9DF90A16E9C}.Debug|Any CPU.ActiveCfg = Debug|Win32
		{09F0C9CE-1CDE-4F82-8F35-C9DF90A16E9C}.Debug|Any CPU.Build.0 = Debug|Win32
		{09F0C9CE-1CDE-4F82-8F35-C9DF90A16E9C}.Debug|Mixed Platforms.ActiveCfg = Debug|Win32
		{09F0C9CE-1CDE-4F82-8F35-C9DF90A16E9C}.Debug|Mixed Platforms.Build.0 = Debug|Win32
		{09F0C9CE-1CDE-4F82-8F35-C9DF90A16E9C}.Debug|Win32.ActiveCfg = Debug|Win32
		{09F0C9CE-1CDE-4F82-8F35-C9DF90A16E9C}.Debug|Win32.Build.0 = Debug|Win32
		{09F0C9CE-1CDE-4F82-8F35-C9DF90A16E9C}.Release|Any CPU.ActiveCfg = Release|Win32
		{09F0C9CE-1CDE-4F82-8F35-C9DF90A16E9C}.Release|Any CPU.Build.0 = Release|Win32
		{09F0C9CE-1CDE-4F82-8F35-C9DF90A16E9C}.Release|Mixed Platforms.ActiveCfg = Release|Win32
		{09F0C9CE-1CDE-4F82-8F35-C9DF90A16E9C}.Release|Mixed Platforms.Build.0 = Release|Win32
		{09F0C9CE-1CDE-4F82-8F35-C9DF90A16E9C}.Release|Win32.ActiveCfg = Release|Win32
		{09F0C9CE-1CDE-4F82-8F35-C9DF90A16E9C}.Release|Win32.Build.0 = Release|Win32
	EndGlobalSection
	GlobalSection(SolutionProperties) = preSolution
		HideSolutionNode = FALSE
	EndGlobalSection
EndGlobal
