
Microsoft Visual Studio Solution File, Format Version 10.00
# Visual Studio 2008
Project("{FAE04EC0-301F-11D3-BF4B-00C04F79EFBC}") = "Theseus", "Theseus\Theseus.csproj", "{64C09289-3335-4E12-8266-76E78484741E}"
EndProject
Project("{FAE04EC0-301F-11D3-BF4B-00C04F79EFBC}") = "UnitTests", "UnitTests\UnitTests.csproj", "{ED0AB82D-5787-4307-A615-F39163F64CC6}"
EndProject
Project("{FAE04EC0-301F-11D3-BF4B-00C04F79EFBC}") = "ConsoleViewer", "ConsoleViewer\ConsoleViewer.csproj", "{B20FF8EA-61EC-4818-BA0B-06795F7326FB}"
EndProject
Project("{FAE04EC0-301F-11D3-BF4B-00C04F79EFBC}") = "WinformsViewer", "WinformsViewer\WinformsViewer.csproj", "{68F84FE9-2BD2-4E68-8B42-488E6E217AC6}"
EndProject
Global
	GlobalSection(SolutionConfigurationPlatforms) = preSolution
		Debug|Any CPU = Debug|Any CPU
		Release|Any CPU = Release|Any CPU
	EndGlobalSection
	GlobalSection(ProjectConfigurationPlatforms) = postSolution
		{64C09289-3335-4E12-8266-76E78484741E}.Debug|Any CPU.ActiveCfg = Debug|Any CPU
		{64C09289-3335-4E12-8266-76E78484741E}.Debug|Any CPU.Build.0 = Debug|Any CPU
		{64C09289-3335-4E12-8266-76E78484741E}.Release|Any CPU.ActiveCfg = Release|Any CPU
		{64C09289-3335-4E12-8266-76E78484741E}.Release|Any CPU.Build.0 = Release|Any CPU
		{ED0AB82D-5787-4307-A615-F39163F64CC6}.Debug|Any CPU.ActiveCfg = Debug|Any CPU
		{ED0AB82D-5787-4307-A615-F39163F64CC6}.Debug|Any CPU.Build.0 = Debug|Any CPU
		{ED0AB82D-5787-4307-A615-F39163F64CC6}.Release|Any CPU.ActiveCfg = Release|Any CPU
		{ED0AB82D-5787-4307-A615-F39163F64CC6}.Release|Any CPU.Build.0 = Release|Any CPU
		{B20FF8EA-61EC-4818-BA0B-06795F7326FB}.Debug|Any CPU.ActiveCfg = Debug|Any CPU
		{B20FF8EA-61EC-4818-BA0B-06795F7326FB}.Debug|Any CPU.Build.0 = Debug|Any CPU
		{B20FF8EA-61EC-4818-BA0B-06795F7326FB}.Release|Any CPU.ActiveCfg = Release|Any CPU
		{B20FF8EA-61EC-4818-BA0B-06795F7326FB}.Release|Any CPU.Build.0 = Release|Any CPU
		{68F84FE9-2BD2-4E68-8B42-488E6E217AC6}.Debug|Any CPU.ActiveCfg = Debug|Any CPU
		{68F84FE9-2BD2-4E68-8B42-488E6E217AC6}.Debug|Any CPU.Build.0 = Debug|Any CPU
		{68F84FE9-2BD2-4E68-8B42-488E6E217AC6}.Release|Any CPU.ActiveCfg = Release|Any CPU
		{68F84FE9-2BD2-4E68-8B42-488E6E217AC6}.Release|Any CPU.Build.0 = Release|Any CPU
	EndGlobalSection
	GlobalSection(SolutionProperties) = preSolution
		HideSolutionNode = FALSE
	EndGlobalSection
EndGlobal
